
Microsoft Visual Studio Solution File, Format Version 12.00
# Visual Studio Version 17
VisualStudioVersion = 17.2.32526.322
MinimumVisualStudioVersion = 10.0.40219.1
Project("{9A19103F-16F7-4668-BE54-9A1E7A4F7556}") = "Project4-Nhom3", "Project4-Nhom3\Project4-Nhom3.csproj", "{600C01E0-F0EB-4EC1-B564-373C278BFB32}"
EndProject
Project("{9A19103F-16F7-4668-BE54-9A1E7A4F7556}") = "DomainLayer", "DomainLayer\DomainLayer.csproj", "{EBEBFF77-46A3-404E-9F0C-C506DD5415FD}"
EndProject
Project("{9A19103F-16F7-4668-BE54-9A1E7A4F7556}") = "ServiceLayer", "ServiceLayer\ServiceLayer.csproj", "{3D13F6B9-A78A-43B7-A4CB-46BF78CCE4F4}"
EndProject
Project("{9A19103F-16F7-4668-BE54-9A1E7A4F7556}") = "RepositoryLayer", "RepositoryLayer\RepositoryLayer.csproj", "{A63C4EFA-2538-494C-8627-7BD00661611D}"
EndProject
Global
	GlobalSection(SolutionConfigurationPlatforms) = preSolution
		Debug|Any CPU = Debug|Any CPU
		Release|Any CPU = Release|Any CPU
	EndGlobalSection
	GlobalSection(ProjectConfigurationPlatforms) = postSolution
		{600C01E0-F0EB-4EC1-B564-373C278BFB32}.Debug|Any CPU.ActiveCfg = Debug|Any CPU
		{600C01E0-F0EB-4EC1-B564-373C278BFB32}.Debug|Any CPU.Build.0 = Debug|Any CPU
		{600C01E0-F0EB-4EC1-B564-373C278BFB32}.Release|Any CPU.ActiveCfg = Release|Any CPU
		{600C01E0-F0EB-4EC1-B564-373C278BFB32}.Release|Any CPU.Build.0 = Release|Any CPU
		{EBEBFF77-46A3-404E-9F0C-C506DD5415FD}.Debug|Any CPU.ActiveCfg = Debug|Any CPU
		{EBEBFF77-46A3-404E-9F0C-C506DD5415FD}.Debug|Any CPU.Build.0 = Debug|Any CPU
		{EBEBFF77-46A3-404E-9F0C-C506DD5415FD}.Release|Any CPU.ActiveCfg = Release|Any CPU
		{EBEBFF77-46A3-404E-9F0C-C506DD5415FD}.Release|Any CPU.Build.0 = Release|Any CPU
		{3D13F6B9-A78A-43B7-A4CB-46BF78CCE4F4}.Debug|Any CPU.ActiveCfg = Debug|Any CPU
		{3D13F6B9-A78A-43B7-A4CB-46BF78CCE4F4}.Debug|Any CPU.Build.0 = Debug|Any CPU
		{3D13F6B9-A78A-43B7-A4CB-46BF78CCE4F4}.Release|Any CPU.ActiveCfg = Release|Any CPU
		{3D13F6B9-A78A-43B7-A4CB-46BF78CCE4F4}.Release|Any CPU.Build.0 = Release|Any CPU
		{A63C4EFA-2538-494C-8627-7BD00661611D}.Debug|Any CPU.ActiveCfg = Debug|Any CPU
		{A63C4EFA-2538-494C-8627-7BD00661611D}.Debug|Any CPU.Build.0 = Debug|Any CPU
		{A63C4EFA-2538-494C-8627-7BD00661611D}.Release|Any CPU.ActiveCfg = Release|Any CPU
		{A63C4EFA-2538-494C-8627-7BD00661611D}.Release|Any CPU.Build.0 = Release|Any CPU
	EndGlobalSection
	GlobalSection(SolutionProperties) = preSolution
		HideSolutionNode = FALSE
	EndGlobalSection
	GlobalSection(ExtensibilityGlobals) = postSolution
		SolutionGuid = {E665C2EB-3D6B-4283-88A3-27B8FAB294CE}
	EndGlobalSection
EndGlobal
